
Microsoft Visual Studio Solution File, Format Version 12.00
# Visual Studio Version 17
VisualStudioVersion = 17.3.32825.248
MinimumVisualStudioVersion = 10.0.40219.1
Project("{FAE04EC0-301F-11D3-BF4B-00C04F79EFBC}") = "Saitynai_Delivery_System1", "Saitynai_Delivery_System1.csproj", "{F58901B2-4D10-4DA6-BBA8-F9805EF60B20}"
EndProject
Global
	GlobalSection(SolutionConfigurationPlatforms) = preSolution
		Debug|Any CPU = Debug|Any CPU
		Release|Any CPU = Release|Any CPU
	EndGlobalSection
	GlobalSection(ProjectConfigurationPlatforms) = postSolution
		{F58901B2-4D10-4DA6-BBA8-F9805EF60B20}.Debug|Any CPU.ActiveCfg = Debug|Any CPU
		{F58901B2-4D10-4DA6-BBA8-F9805EF60B20}.Debug|Any CPU.Build.0 = Debug|Any CPU
		{F58901B2-4D10-4DA6-BBA8-F9805EF60B20}.Release|Any CPU.ActiveCfg = Release|Any CPU
		{F58901B2-4D10-4DA6-BBA8-F9805EF60B20}.Release|Any CPU.Build.0 = Release|Any CPU
	EndGlobalSection
	GlobalSection(SolutionProperties) = preSolution
		HideSolutionNode = FALSE
	EndGlobalSection
	GlobalSection(ExtensibilityGlobals) = postSolution
		SolutionGuid = {CA85E0B4-BC70-4190-9DE7-DBEF5F7C624A}
	EndGlobalSection
EndGlobal
